lockfileVersion: '9.0'

settings:
  autoInstallPeers: true
  excludeLinksFromLockfile: false

importers:

  .:
    dependencies:
      '@minecraft/server':
        specifier: ^2.3.0
        version: 2.3.0(@minecraft/common@1.2.0)(@minecraft/vanilla-data@1.21.124)
      '@minecraft/server-ui':
        specifier: ^2.0.0
        version: 2.0.0(@minecraft/vanilla-data@1.21.124)

packages:

  '@minecraft/common@1.2.0':
    resolution: {integrity: sha512-JdmEq4P3Z/FtoBzhLijFgMSVFnFRrUoLwY8DHHrgtFo0mfLTOLTB1RErYjLMsA6b7BGVNxkX/pfFRiH7QZ0XwQ==}

  '@minecraft/server-ui@2.0.0':
    resolution: {integrity: sha512-K1xFK1OEJSNfIgyRElaoxDTW/nbEqjBp1YnUdyPCs4kGDglwoXNyFz3wzMOkvT04CJXSifZGcTJeWda4C6OkXw==}

  '@minecraft/server@2.3.0':
    resolution: {integrity: sha512-2SXAjZPb67TRjVGVhSXST8ha9p9zrRw0LiCY6+Ul4RN62+j3BbeCMtvOlVLvZV/KjGJyw3fFxIw7SsTzi2szYw==}
    peerDependencies:
      '@minecraft/common': ^1.2.0
      '@minecraft/vanilla-data': '>=1.20.70'

  '@minecraft/vanilla-data@1.21.124':
    resolution: {integrity: sha512-n00ry2BCbDiQ4tbiHIBeU4QSvbyClg8O0weWDhKBM1tCsGJMI/+MGaZ3LWZs2H79k/OuDMaPlWwqt4drW6tHDA==}

snapshots:

  '@minecraft/common@1.2.0': {}

  '@minecraft/server-ui@2.0.0(@minecraft/vanilla-data@1.21.124)':
    dependencies:
      '@minecraft/common': 1.2.0
      '@minecraft/server': 2.3.0(@minecraft/common@1.2.0)(@minecraft/vanilla-data@1.21.124)
    transitivePeerDependencies:
      - '@minecraft/vanilla-data'

  '@minecraft/server@2.3.0(@minecraft/common@1.2.0)(@minecraft/vanilla-data@1.21.124)':
    dependencies:
      '@minecraft/common': 1.2.0
      '@minecraft/vanilla-data': 1.21.124

  '@minecraft/vanilla-data@1.21.124': {}
